
Microsoft Visual Studio Solution File, Format Version 12.00
# Visual Studio 15
VisualStudioVersion = 15.0.26430.12
MinimumVisualStudioVersion = 10.0.40219.1
Project("{FAE04EC0-301F-11D3-BF4B-00C04F79EFBC}") = "SanityArchiver", "SanityArchiver\SanityArchiver.csproj", "{B76677F9-BC23-4AFE-9700-2F3D3778EB5D}"
EndProject
Project("{FAE04EC0-301F-11D3-BF4B-00C04F79EFBC}") = "SanityArchiverWinForm", "SanityArchiverWinForm\SanityArchiverWinForm.csproj", "{3C04FC7A-A721-4FA1-B33E-18B0864D93C1}"
EndProject
Project("{FAE04EC0-301F-11D3-BF4B-00C04F79EFBC}") = "TreeView", "TreeView\TreeView.csproj", "{914551CA-7393-4375-98AE-C45AE0031863}"
EndProject
Global
	GlobalSection(SolutionConfigurationPlatforms) = preSolution
		Debug|Any CPU = Debug|Any CPU
		Release|Any CPU = Release|Any CPU
	EndGlobalSection
	GlobalSection(ProjectConfigurationPlatforms) = postSolution
		{B76677F9-BC23-4AFE-9700-2F3D3778EB5D}.Debug|Any CPU.ActiveCfg = Debug|Any CPU
		{B76677F9-BC23-4AFE-9700-2F3D3778EB5D}.Debug|Any CPU.Build.0 = Debug|Any CPU
		{B76677F9-BC23-4AFE-9700-2F3D3778EB5D}.Release|Any CPU.ActiveCfg = Release|Any CPU
		{B76677F9-BC23-4AFE-9700-2F3D3778EB5D}.Release|Any CPU.Build.0 = Release|Any CPU
		{3C04FC7A-A721-4FA1-B33E-18B0864D93C1}.Debug|Any CPU.ActiveCfg = Debug|Any CPU
		{3C04FC7A-A721-4FA1-B33E-18B0864D93C1}.Debug|Any CPU.Build.0 = Debug|Any CPU
		{3C04FC7A-A721-4FA1-B33E-18B0864D93C1}.Release|Any CPU.ActiveCfg = Release|Any CPU
		{3C04FC7A-A721-4FA1-B33E-18B0864D93C1}.Release|Any CPU.Build.0 = Release|Any CPU
		{914551CA-7393-4375-98AE-C45AE0031863}.Debug|Any CPU.ActiveCfg = Debug|Any CPU
		{914551CA-7393-4375-98AE-C45AE0031863}.Debug|Any CPU.Build.0 = Debug|Any CPU
		{914551CA-7393-4375-98AE-C45AE0031863}.Release|Any CPU.ActiveCfg = Release|Any CPU
		{914551CA-7393-4375-98AE-C45AE0031863}.Release|Any CPU.Build.0 = Release|Any CPU
	EndGlobalSection
	GlobalSection(SolutionProperties) = preSolution
		HideSolutionNode = FALSE
	EndGlobalSection
EndGlobal
